
Microsoft Visual Studio Solution File, Format Version 12.00
# Visual Studio Version 17
VisualStudioVersion = 17.7.34003.232
MinimumVisualStudioVersion = 10.0.40219.1
Project("{FAE04EC0-301F-11D3-BF4B-00C04F79EFBC}") = "TileCost_Calculator", "TileCost_Calculator\TileCost_Calculator.csproj", "{520E0228-29D0-492A-93B8-5B2DC68B4FCE}"
EndProject
Global
	GlobalSection(SolutionConfigurationPlatforms) = preSolution
		Debug|Any CPU = Debug|Any CPU
		Release|Any CPU = Release|Any CPU
	EndGlobalSection
	GlobalSection(ProjectConfigurationPlatforms) = postSolution
		{520E0228-29D0-492A-93B8-5B2DC68B4FCE}.Debug|Any CPU.ActiveCfg = Debug|Any CPU
		{520E0228-29D0-492A-93B8-5B2DC68B4FCE}.Debug|Any CPU.Build.0 = Debug|Any CPU
		{520E0228-29D0-492A-93B8-5B2DC68B4FCE}.Release|Any CPU.ActiveCfg = Release|Any CPU
		{520E0228-29D0-492A-93B8-5B2DC68B4FCE}.Release|Any CPU.Build.0 = Release|Any CPU
	EndGlobalSection
	GlobalSection(SolutionProperties) = preSolution
		HideSolutionNode = FALSE
	EndGlobalSection
	GlobalSection(ExtensibilityGlobals) = postSolution
		SolutionGuid = {74004594-79C8-4E46-9C6C-B0D96BA8BE64}
	EndGlobalSection
EndGlobal
